
Microsoft Visual Studio Solution File, Format Version 12.00
# Visual Studio Version 17
VisualStudioVersion = 17.12.35506.116
MinimumVisualStudioVersion = 10.0.40219.1
Project("{FAE04EC0-301F-11D3-BF4B-00C04F79EFBC}") = "DoublerApi", "DoublerApi.csproj", "{2708624A-8ECA-4D4F-8FDE-05B9D118A788}"
EndProject
Project("{2150E333-8FDC-42A3-9474-1A3956D46DE8}") = "Front", "Front", "{FCA74AB0-F6F7-4865-B5E4-5D2663C462DE}"
	ProjectSection(SolutionItems) = preProject
		index.html = index.html
		script.js = script.js
	EndProjectSection
EndProject
Global
	GlobalSection(SolutionConfigurationPlatforms) = preSolution
		Debug|Any CPU = Debug|Any CPU
		Release|Any CPU = Release|Any CPU
	EndGlobalSection
	GlobalSection(ProjectConfigurationPlatforms) = postSolution
		{2708624A-8ECA-4D4F-8FDE-05B9D118A788}.Debug|Any CPU.ActiveCfg = Debug|Any CPU
		{2708624A-8ECA-4D4F-8FDE-05B9D118A788}.Debug|Any CPU.Build.0 = Debug|Any CPU
		{2708624A-8ECA-4D4F-8FDE-05B9D118A788}.Release|Any CPU.ActiveCfg = Release|Any CPU
		{2708624A-8ECA-4D4F-8FDE-05B9D118A788}.Release|Any CPU.Build.0 = Release|Any CPU
	EndGlobalSection
	GlobalSection(SolutionProperties) = preSolution
		HideSolutionNode = FALSE
	EndGlobalSection
EndGlobal
